
Microsoft Visual Studio Solution File, Format Version 12.00
# Visual Studio 15
VisualStudioVersion = 15.0.28307.329
MinimumVisualStudioVersion = 10.0.40219.1
Project("{FAE04EC0-301F-11D3-BF4B-00C04F79EFBC}") = "LocalizationPlus.Westwind", "LocalizationPlus.Westwind\LocalizationPlus.Westwind.csproj", "{1E470A32-4574-47D2-92B8-7373A00F7300}"
EndProject
Global
	GlobalSection(SolutionConfigurationPlatforms) = preSolution
		Debug|Any CPU = Debug|Any CPU
		Release|Any CPU = Release|Any CPU
	EndGlobalSection
	GlobalSection(ProjectConfigurationPlatforms) = postSolution
		{1E470A32-4574-47D2-92B8-7373A00F7300}.Debug|Any CPU.ActiveCfg = Debug|Any CPU
		{1E470A32-4574-47D2-92B8-7373A00F7300}.Debug|Any CPU.Build.0 = Debug|Any CPU
		{1E470A32-4574-47D2-92B8-7373A00F7300}.Release|Any CPU.ActiveCfg = Release|Any CPU
		{1E470A32-4574-47D2-92B8-7373A00F7300}.Release|Any CPU.Build.0 = Release|Any CPU
	EndGlobalSection
	GlobalSection(SolutionProperties) = preSolution
		HideSolutionNode = FALSE
	EndGlobalSection
	GlobalSection(ExtensibilityGlobals) = postSolution
		SolutionGuid = {5372128D-7B0B-4457-828C-312FBDB954A4}
	EndGlobalSection
EndGlobal
